PODS:
  - Alamofire (5.4.1)
  - AlamofireImage (4.1.0):
    - Alamofire (~> 5.1)
  - CouchbaseLite-Swift (2.8.1)
  - RxCocoa (5.1.1):
    - RxRelay (~> 5)
    - RxSwift (~> 5)
  - RxRelay (5.1.1):
    - RxSwift (~> 5)
  - RxSwift (5.1.1)

DEPENDENCIES:
  - Alamofire (~> 5.1)
  - AlamofireImage (~> 4.1)
  - CouchbaseLite-Swift (~> 2.8)
  - RxCocoa (~> 5.0)
  - RxSwift (~> 5.0)

SPEC REPOS:
  trunk:
    - Alamofire
    - AlamofireImage
    - CouchbaseLite-Swift
    - RxCocoa
    - RxRelay
    - RxSwift

SPEC CHECKSUMS:
  Alamofire: 2291f7d21ca607c491dd17642e5d40fdcda0e65c
  AlamofireImage: c4a2ba349885fb3064feb74d2e547bd42ce9be10
  CouchbaseLite-Swift: 57981190bab3f7be4648fae746716306930b07f9
  RxCocoa: 32065309a38d29b5b0db858819b5bf9ef038b601
  RxRelay: d77f7d771495f43c556cbc43eebd1bb54d01e8e9
  RxSwift: 81470a2074fa8780320ea5fe4102807cb7118178

PODFILE CHECKSUM: c14b548afec95d3adda3ad6f06569294ebd96b00

COCOAPODS: 1.10.1
